
Microsoft Visual Studio Solution File, Format Version 12.00
# Visual Studio Version 16
VisualStudioVersion = 16.0.31702.278
MinimumVisualStudioVersion = 10.0.40219.1
Project("{2150E333-8FDC-42A3-9474-1A3956D46DE8}") = "src", "src", "{22C0BE94-CD36-46BC-BAFE-38C3F15E1752}"
EndProject
Project("{2150E333-8FDC-42A3-9474-1A3956D46DE8}") = "Services", "Services", "{70DE14FD-67A8-40CD-B93C-4B88AC50B079}"
EndProject
Project("{2150E333-8FDC-42A3-9474-1A3956D46DE8}") = "Building Blocks", "Building Blocks", "{2A7A27CA-5FDF-4494-8656-9C161D68B32E}"
EndProject
Project("{2150E333-8FDC-42A3-9474-1A3956D46DE8}") = "Web", "Web", "{0C75BBB7-02A3-45E8-9B81-675C2D35033D}"
EndProject
Project("{2150E333-8FDC-42A3-9474-1A3956D46DE8}") = "Identidade", "Identidade", "{6349BC83-CB53-47A4-BE4A-317EFAB2A818}"
EndProject
Project("{FAE04EC0-301F-11D3-BF4B-00C04F79EFBC}") = "NSE.Identidade.API", "src\services\NSE.Identidade.API\NSE.Identidade.API.csproj", "{F93026B3-EA3F-436E-B4DA-25BBAF65E007}"
EndProject
Project("{2150E333-8FDC-42A3-9474-1A3956D46DE8}") = "MVC", "MVC", "{273D4A2D-B9CF-4840-A870-41A87948AD28}"
EndProject
Project("{FAE04EC0-301F-11D3-BF4B-00C04F79EFBC}") = "NSE.WebApp.MVC", "src\web\NSE.WebApp.MVC\NSE.WebApp.MVC.csproj", "{3DCDEC3D-4835-45D3-96DC-ABCB9827577F}"
EndProject
Project("{2150E333-8FDC-42A3-9474-1A3956D46DE8}") = "Core", "Core", "{EC8DA494-A4A9-4159-843D-5A7114C8EA26}"
EndProject
Project("{FAE04EC0-301F-11D3-BF4B-00C04F79EFBC}") = "NSE.Core", "src\building blocks\NSE.Core\NSE.Core.csproj", "{AF139E58-DF34-4119-8714-1CFE3B65FDBE}"
EndProject
Project("{2150E333-8FDC-42A3-9474-1A3956D46DE8}") = "Carrinho", "Carrinho", "{8300C94E-E5BA-427D-BF3E-F7B0701A46A3}"
EndProject
Project("{2150E333-8FDC-42A3-9474-1A3956D46DE8}") = "Catalogo", "Catalogo", "{C5FC3D2D-AAE6-4DE3-9698-670AC2932E64}"
EndProject
Project("{2150E333-8FDC-42A3-9474-1A3956D46DE8}") = "Cliente", "Cliente", "{A1ED01AE-B9C5-40C2-A192-F757CED58BCD}"
EndProject
Project("{2150E333-8FDC-42A3-9474-1A3956D46DE8}") = "Pagamento", "Pagamento", "{B6881AF1-4FED-4481-B9A2-6A8259292BFB}"
EndProject
Project("{2150E333-8FDC-42A3-9474-1A3956D46DE8}") = "Pedido", "Pedido", "{45889B64-3ECE-4054-B8A1-5D23340AFCA5}"
EndProject
Project("{FAE04EC0-301F-11D3-BF4B-00C04F79EFBC}") = "NSE.Carrinho.API", "src\services\NSE.Carrinho.API\NSE.Carrinho.API.csproj", "{A05FCA8E-A3F0-4BCC-9DE7-71F44C7DC8FD}"
EndProject
Project("{FAE04EC0-301F-11D3-BF4B-00C04F79EFBC}") = "NSE.Catalogo.API", "src\services\NSE.Catalogo.API\NSE.Catalogo.API.csproj", "{FD49C143-0938-4E62-A82F-316437633354}"
EndProject
Project("{FAE04EC0-301F-11D3-BF4B-00C04F79EFBC}") = "NSE.Cliente.API", "src\services\NSE.Cliente.API\NSE.Cliente.API.csproj", "{19E66015-FF8F-47A5-BFAC-B0118A1E346D}"
EndProject
Project("{FAE04EC0-301F-11D3-BF4B-00C04F79EFBC}") = "NSE.Pedido.API", "src\services\NSE.Pedido.API\NSE.Pedido.API.csproj", "{85A28D43-925A-4380-A69E-27C338B24AC6}"
EndProject
Project("{FAE04EC0-301F-11D3-BF4B-00C04F79EFBC}") = "NSE.Pagamento.API", "src\services\NSE.Pagamento.API\NSE.Pagamento.API.csproj", "{EE014AB8-E57A-4BE6-B1DF-DA0CC04016C9}"
EndProject
Global
	GlobalSection(SolutionConfigurationPlatforms) = preSolution
		Debug|Any CPU = Debug|Any CPU
		Release|Any CPU = Release|Any CPU
	EndGlobalSection
	GlobalSection(ProjectConfigurationPlatforms) = postSolution
		{F93026B3-EA3F-436E-B4DA-25BBAF65E007}.Debug|Any CPU.ActiveCfg = Debug|Any CPU
		{F93026B3-EA3F-436E-B4DA-25BBAF65E007}.Debug|Any CPU.Build.0 = Debug|Any CPU
		{F93026B3-EA3F-436E-B4DA-25BBAF65E007}.Release|Any CPU.ActiveCfg = Release|Any CPU
		{F93026B3-EA3F-436E-B4DA-25BBAF65E007}.Release|Any CPU.Build.0 = Release|Any CPU
		{3DCDEC3D-4835-45D3-96DC-ABCB9827577F}.Debug|Any CPU.ActiveCfg = Debug|Any CPU
		{3DCDEC3D-4835-45D3-96DC-ABCB9827577F}.Debug|Any CPU.Build.0 = Debug|Any CPU
		{3DCDEC3D-4835-45D3-96DC-ABCB9827577F}.Release|Any CPU.ActiveCfg = Release|Any CPU
		{3DCDEC3D-4835-45D3-96DC-ABCB9827577F}.Release|Any CPU.Build.0 = Release|Any CPU
		{AF139E58-DF34-4119-8714-1CFE3B65FDBE}.Debug|Any CPU.ActiveCfg = Debug|Any CPU
		{AF139E58-DF34-4119-8714-1CFE3B65FDBE}.Debug|Any CPU.Build.0 = Debug|Any CPU
		{AF139E58-DF34-4119-8714-1CFE3B65FDBE}.Release|Any CPU.ActiveCfg = Release|Any CPU
		{AF139E58-DF34-4119-8714-1CFE3B65FDBE}.Release|Any CPU.Build.0 = Release|Any CPU
		{A05FCA8E-A3F0-4BCC-9DE7-71F44C7DC8FD}.Debug|Any CPU.ActiveCfg = Debug|Any CPU
		{A05FCA8E-A3F0-4BCC-9DE7-71F44C7DC8FD}.Debug|Any CPU.Build.0 = Debug|Any CPU
		{A05FCA8E-A3F0-4BCC-9DE7-71F44C7DC8FD}.Release|Any CPU.ActiveCfg = Release|Any CPU
		{A05FCA8E-A3F0-4BCC-9DE7-71F44C7DC8FD}.Release|Any CPU.Build.0 = Release|Any CPU
		{FD49C143-0938-4E62-A82F-316437633354}.Debug|Any CPU.ActiveCfg = Debug|Any CPU
		{FD49C143-0938-4E62-A82F-316437633354}.Debug|Any CPU.Build.0 = Debug|Any CPU
		{FD49C143-0938-4E62-A82F-316437633354}.Release|Any CPU.ActiveCfg = Release|Any CPU
		{FD49C143-0938-4E62-A82F-316437633354}.Release|Any CPU.Build.0 = Release|Any CPU
		{19E66015-FF8F-47A5-BFAC-B0118A1E346D}.Debug|Any CPU.ActiveCfg = Debug|Any CPU
		{19E66015-FF8F-47A5-BFAC-B0118A1E346D}.Debug|Any CPU.Build.0 = Debug|Any CPU
		{19E66015-FF8F-47A5-BFAC-B0118A1E346D}.Release|Any CPU.ActiveCfg = Release|Any CPU
		{19E66015-FF8F-47A5-BFAC-B0118A1E346D}.Release|Any CPU.Build.0 = Release|Any CPU
		{85A28D43-925A-4380-A69E-27C338B24AC6}.Debug|Any CPU.ActiveCfg = Debug|Any CPU
		{85A28D43-925A-4380-A69E-27C338B24AC6}.Debug|Any CPU.Build.0 = Debug|Any CPU
		{85A28D43-925A-4380-A69E-27C338B24AC6}.Release|Any CPU.ActiveCfg = Release|Any CPU
		{85A28D43-925A-4380-A69E-27C338B24AC6}.Release|Any CPU.Build.0 = Release|Any CPU
		{EE014AB8-E57A-4BE6-B1DF-DA0CC04016C9}.Debug|Any CPU.ActiveCfg = Debug|Any CPU
		{EE014AB8-E57A-4BE6-B1DF-DA0CC04016C9}.Debug|Any CPU.Build.0 = Debug|Any CPU
		{EE014AB8-E57A-4BE6-B1DF-DA0CC04016C9}.Release|Any CPU.ActiveCfg = Release|Any CPU
		{EE014AB8-E57A-4BE6-B1DF-DA0CC04016C9}.Release|Any CPU.Build.0 = Release|Any CPU
	EndGlobalSection
	GlobalSection(SolutionProperties) = preSolution
		HideSolutionNode = FALSE
	EndGlobalSection
	GlobalSection(NestedProjects) = preSolution
		{70DE14FD-67A8-40CD-B93C-4B88AC50B079} = {22C0BE94-CD36-46BC-BAFE-38C3F15E1752}
		{2A7A27CA-5FDF-4494-8656-9C161D68B32E} = {22C0BE94-CD36-46BC-BAFE-38C3F15E1752}
		{0C75BBB7-02A3-45E8-9B81-675C2D35033D} = {22C0BE94-CD36-46BC-BAFE-38C3F15E1752}
		{6349BC83-CB53-47A4-BE4A-317EFAB2A818} = {70DE14FD-67A8-40CD-B93C-4B88AC50B079}
		{F93026B3-EA3F-436E-B4DA-25BBAF65E007} = {6349BC83-CB53-47A4-BE4A-317EFAB2A818}
		{273D4A2D-B9CF-4840-A870-41A87948AD28} = {0C75BBB7-02A3-45E8-9B81-675C2D35033D}
		{3DCDEC3D-4835-45D3-96DC-ABCB9827577F} = {273D4A2D-B9CF-4840-A870-41A87948AD28}
		{EC8DA494-A4A9-4159-843D-5A7114C8EA26} = {2A7A27CA-5FDF-4494-8656-9C161D68B32E}
		{AF139E58-DF34-4119-8714-1CFE3B65FDBE} = {EC8DA494-A4A9-4159-843D-5A7114C8EA26}
		{8300C94E-E5BA-427D-BF3E-F7B0701A46A3} = {70DE14FD-67A8-40CD-B93C-4B88AC50B079}
		{C5FC3D2D-AAE6-4DE3-9698-670AC2932E64} = {70DE14FD-67A8-40CD-B93C-4B88AC50B079}
		{A1ED01AE-B9C5-40C2-A192-F757CED58BCD} = {70DE14FD-67A8-40CD-B93C-4B88AC50B079}
		{B6881AF1-4FED-4481-B9A2-6A8259292BFB} = {70DE14FD-67A8-40CD-B93C-4B88AC50B079}
		{45889B64-3ECE-4054-B8A1-5D23340AFCA5} = {70DE14FD-67A8-40CD-B93C-4B88AC50B079}
		{A05FCA8E-A3F0-4BCC-9DE7-71F44C7DC8FD} = {8300C94E-E5BA-427D-BF3E-F7B0701A46A3}
		{FD49C143-0938-4E62-A82F-316437633354} = {C5FC3D2D-AAE6-4DE3-9698-670AC2932E64}
		{19E66015-FF8F-47A5-BFAC-B0118A1E346D} = {A1ED01AE-B9C5-40C2-A192-F757CED58BCD}
		{85A28D43-925A-4380-A69E-27C338B24AC6} = {45889B64-3ECE-4054-B8A1-5D23340AFCA5}
		{EE014AB8-E57A-4BE6-B1DF-DA0CC04016C9} = {B6881AF1-4FED-4481-B9A2-6A8259292BFB}
	EndGlobalSection
	GlobalSection(ExtensibilityGlobals) = postSolution
		SolutionGuid = {BF88A9C5-468D-4460-ABF7-5E2A25BBEAB0}
	EndGlobalSection
EndGlobal
